// !$*UTF8*$!
{
	archiveVersion = 1;
	classes = {
	};
	objectVersion = 50;
	objects = {

/* Begin PBXBuildFile section */
		4300AC9325F3B8F8008E3977 /* SettingsLabelView.swift in Sources */ = {isa = PBXBuildFile; fileRef = 4300AC9225F3B8F8008E3977 /* SettingsLabelView.swift */; };
		43199D4D25EBB91B00DFF659 /* SettingsView.swift in Sources */ = {isa = PBXBuildFile; fileRef = 43199D4C25EBB91B00DFF659 /* SettingsView.swift */; };
		436C310A25E506A5006BDBE1 /* FruitDetailView.swift in Sources */ = {isa = PBXBuildFile; fileRef = 436C310925E506A5006BDBE1 /* FruitDetailView.swift */; };
		4382F6D325DEA68B004C4159 /* FructusApp.swift in Sources */ = {isa = PBXBuildFile; fileRef = 4382F6D225DEA68B004C4159 /* FructusApp.swift */; };
		4382F6D525DEA68B004C4159 /* ContentView.swift in Sources */ = {isa = PBXBuildFile; fileRef = 4382F6D425DEA68B004C4159 /* ContentView.swift */; };
		4382F6D725DEA68C004C4159 /* Assets.xcassets in Resources */ = {isa = PBXBuildFile; fileRef = 4382F6D625DEA68C004C4159 /* Assets.xcassets */; };
		4382F6DA25DEA68C004C4159 /* Preview Assets.xcassets in Resources */ = {isa = PBXBuildFile; fileRef = 4382F6D925DEA68C004C4159 /* Preview Assets.xcassets */; };
		4382F6E725DEB23E004C4159 /* FruitCardView.swift in Sources */ = {isa = PBXBuildFile; fileRef = 4382F6E625DEB23E004C4159 /* FruitCardView.swift */; };
		4382F6EA25DEC0EF004C4159 /* StartButtonView.swift in Sources */ = {isa = PBXBuildFile; fileRef = 4382F6E925DEC0EF004C4159 /* StartButtonView.swift */; };
		4382F6ED25DECA74004C4159 /* OnboardingView.swift in Sources */ = {isa = PBXBuildFile; fileRef = 4382F6EC25DECA74004C4159 /* OnboardingView.swift */; };
		439C9C6925E67F7400547299 /* FruitHeaderView.swift in Sources */ = {isa = PBXBuildFile; fileRef = 439C9C6825E67F7400547299 /* FruitHeaderView.swift */; };
		439C9C6C25E689E200547299 /* SourceLinkView.swift in Sources */ = {isa = PBXBuildFile; fileRef = 439C9C6B25E689E200547299 /* SourceLinkView.swift */; };
		43AE711425E9248400591152 /* FruitNutrientsView.swift in Sources */ = {isa = PBXBuildFile; fileRef = 43AE711325E9248400591152 /* FruitNutrientsView.swift */; };
		43F2002C25E13E7A00CB5B6B /* FruitModel.swift in Sources */ = {isa = PBXBuildFile; fileRef = 43F2002B25E13E7A00CB5B6B /* FruitModel.swift */; };
		43F2003025E140A100CB5B6B /* FruitData.swift in Sources */ = {isa = PBXBuildFile; fileRef = 43F2002F25E140A100CB5B6B /* FruitData.swift */; };
		43F2003325E1542B00CB5B6B /* FruitRowView.swift in Sources */ = {isa = PBXBuildFile; fileRef = 43F2003225E1542B00CB5B6B /* FruitRowView.swift */; };
/* End PBXBuildFile section */

/* Begin PBXFileReference section */
		4300AC9225F3B8F8008E3977 /* SettingsLabelView.swift */ = {isa = PBXFileReference; lastKnownFileType = sourcecode.swift; path = SettingsLabelView.swift; sourceTree = "<group>"; };
		43199D4C25EBB91B00DFF659 /* SettingsView.swift */ = {isa = PBXFileReference; lastKnownFileType = sourcecode.swift; path = SettingsView.swift; sourceTree = "<group>"; };
		436C310925E506A5006BDBE1 /* FruitDetailView.swift */ = {isa = PBXFileReference; lastKnownFileType = sourcecode.swift; path = FruitDetailView.swift; sourceTree = "<group>"; };
		4382F6CF25DEA68B004C4159 /* Fructus.app */ = {isa = PBXFileReference; explicitFileType = wrapper.application; includeInIndex = 0; path = Fructus.app; sourceTree = BUILT_PRODUCTS_DIR; };
		4382F6D225DEA68B004C4159 /* FructusApp.swift */ = {isa = PBXFileReference; lastKnownFileType = sourcecode.swift; path = FructusApp.swift; sourceTree = "<group>"; };
		4382F6D425DEA68B004C4159 /* ContentView.swift */ = {isa = PBXFileReference; lastKnownFileType = sourcecode.swift; path = ContentView.swift; sourceTree = "<group>"; };
		4382F6D625DEA68C004C4159 /* Assets.xcassets */ = {isa = PBXFileReference; lastKnownFileType = folder.assetcatalog; path = Assets.xcassets; sourceTree = "<group>"; };
		4382F6D925DEA68C004C4159 /* Preview Assets.xcassets */ = {isa = PBXFileReference; lastKnownFileType = folder.assetcatalog; path = "Preview Assets.xcassets"; sourceTree = "<group>"; };
		4382F6DB25DEA68C004C4159 /* Info.plist */ = {isa = PBXFileReference; lastKnownFileType = text.plist.xml; path = Info.plist; sourceTree = "<group>"; };
		4382F6E625DEB23E004C4159 /* FruitCardView.swift */ = {isa = PBXFileReference; lastKnownFileType = sourcecode.swift; path = FruitCardView.swift; sourceTree = "<group>"; };
		4382F6E925DEC0EF004C4159 /* StartButtonView.swift */ = {isa = PBXFileReference; lastKnownFileType = sourcecode.swift; path = StartButtonView.swift; sourceTree = "<group>"; };
		4382F6EC25DECA74004C4159 /* OnboardingView.swift */ = {isa = PBXFileReference; lastKnownFileType = sourcecode.swift; path = OnboardingView.swift; sourceTree = "<group>"; };
		439C9C6825E67F7400547299 /* FruitHeaderView.swift */ = {isa = PBXFileReference; lastKnownFileType = sourcecode.swift; path = FruitHeaderView.swift; sourceTree = "<group>"; };
		439C9C6B25E689E200547299 /* SourceLinkView.swift */ = {isa = PBXFileReference; lastKnownFileType = sourcecode.swift; path = SourceLinkView.swift; sourceTree = "<group>"; };
		43AE711325E9248400591152 /* FruitNutrientsView.swift */ = {isa = PBXFileReference; lastKnownFileType = sourcecode.swift; path = FruitNutrientsView.swift; sourceTree = "<group>"; };
		43F2002B25E13E7A00CB5B6B /* FruitModel.swift */ = {isa = PBXFileReference; lastKnownFileType = sourcecode.swift; path = FruitModel.swift; sourceTree = "<group>"; };
		43F2002F25E140A100CB5B6B /* FruitData.swift */ = {isa = PBXFileReference; lastKnownFileType = sourcecode.swift; path = FruitData.swift; sourceTree = "<group>"; };
		43F2003225E1542B00CB5B6B /* FruitRowView.swift */ = {isa = PBXFileReference; lastKnownFileType = sourcecode.swift; path = FruitRowView.swift; sourceTree = "<group>"; };
/* End PBXFileReference section */

/* Begin PBXFrameworksBuildPhase section */
		4382F6CC25DEA68B004C4159 /* Frameworks */ = {
			isa = PBXFrameworksBuildPhase;
			buildActionMask = 2147483647;
			files = (
			);
			runOnlyForDeploymentPostprocessing = 0;
		};
/* End PBXFrameworksBuildPhase section */

/* Begin PBXGroup section */
		4382F6C625DEA68B004C4159 = {
			isa = PBXGroup;
			children = (
				4382F6D125DEA68B004C4159 /* Fructus */,
				4382F6D025DEA68B004C4159 /* Products */,
			);
			sourceTree = "<group>";
		};
		4382F6D025DEA68B004C4159 /* Products */ = {
			isa = PBXGroup;
			children = (
				4382F6CF25DEA68B004C4159 /* Fructus.app */,
			);
			name = Products;
			sourceTree = "<group>";
		};
		4382F6D125DEA68B004C4159 /* Fructus */ = {
			isa = PBXGroup;
			children = (
				43F2002E25E1407900CB5B6B /* Data */,
				43F2002A25E13E3700CB5B6B /* Model */,
				4382F6E525DEB1F2004C4159 /* View */,
				4382F6E325DEB1BE004C4159 /* App */,
				4382F6D625DEA68C004C4159 /* Assets.xcassets */,
				4382F6DB25DEA68C004C4159 /* Info.plist */,
				4382F6D825DEA68C004C4159 /* Preview Content */,
			);
			path = Fructus;
			sourceTree = "<group>";
		};
		4382F6D825DEA68C004C4159 /* Preview Content */ = {
			isa = PBXGroup;
			children = (
				4382F6D925DEA68C004C4159 /* Preview Assets.xcassets */,
			);
			path = "Preview Content";
			sourceTree = "<group>";
		};
		4382F6E325DEB1BE004C4159 /* App */ = {
			isa = PBXGroup;
			children = (
				4382F6D225DEA68B004C4159 /* FructusApp.swift */,
				4382F6D425DEA68B004C4159 /* ContentView.swift */,
				4382F6EC25DECA74004C4159 /* OnboardingView.swift */,
				436C310925E506A5006BDBE1 /* FruitDetailView.swift */,
				43199D4C25EBB91B00DFF659 /* SettingsView.swift */,
			);
			path = App;
			sourceTree = "<group>";
		};
		4382F6E525DEB1F2004C4159 /* View */ = {
			isa = PBXGroup;
			children = (
				4382F6E625DEB23E004C4159 /* FruitCardView.swift */,
				4382F6E925DEC0EF004C4159 /* StartButtonView.swift */,
				43F2003225E1542B00CB5B6B /* FruitRowView.swift */,
				439C9C6825E67F7400547299 /* FruitHeaderView.swift */,
				439C9C6B25E689E200547299 /* SourceLinkView.swift */,
				43AE711325E9248400591152 /* FruitNutrientsView.swift */,
				4300AC9225F3B8F8008E3977 /* SettingsLabelView.swift */,
			);
			path = View;
			sourceTree = "<group>";
		};
		43F2002A25E13E3700CB5B6B /* Model */ = {
			isa = PBXGroup;
			children = (
				43F2002B25E13E7A00CB5B6B /* FruitModel.swift */,
			);
			path = Model;
			sourceTree = "<group>";
		};
		43F2002E25E1407900CB5B6B /* Data */ = {
			isa = PBXGroup;
			children = (
				43F2002F25E140A100CB5B6B /* FruitData.swift */,
			);
			path = Data;
			sourceTree = "<group>";
		};
/* End PBXGroup section */

/* Begin PBXNativeTarget section */
		4382F6CE25DEA68B004C4159 /* Fructus */ = {
			isa = PBXNativeTarget;
			buildConfigurationList = 4382F6DE25DEA68C004C4159 /* Build configuration list for PBXNativeTarget "Fructus" */;
			buildPhases = (
				4382F6CB25DEA68B004C4159 /* Sources */,
				4382F6CC25DEA68B004C4159 /* Frameworks */,
				4382F6CD25DEA68B004C4159 /* Resources */,
			);
			buildRules = (
			);
			dependencies = (
			);
			name = Fructus;
			productName = Fructus;
			productReference = 4382F6CF25DEA68B004C4159 /* Fructus.app */;
			productType = "com.apple.product-type.application";
		};
/* End PBXNativeTarget section */

/* Begin PBXProject section */
		4382F6C725DEA68B004C4159 /* Project object */ = {
			isa = PBXProject;
			attributes = {
				LastSwiftUpdateCheck = 1240;
				LastUpgradeCheck = 1240;
				TargetAttributes = {
					4382F6CE25DEA68B004C4159 = {
						CreatedOnToolsVersion = 12.4;
					};
				};
			};
			buildConfigurationList = 4382F6CA25DEA68B004C4159 /* Build configuration list for PBXProject "Fructus" */;
			compatibilityVersion = "Xcode 9.3";
			developmentRegion = en;
			hasScannedForEncodings = 0;
			knownRegions = (
				en,
				Base,
			);
			mainGroup = 4382F6C625DEA68B004C4159;
			productRefGroup = 4382F6D025DEA68B004C4159 /* Products */;
			projectDirPath = "";
			projectRoot = "";
			targets = (
				4382F6CE25DEA68B004C4159 /* Fructus */,
			);
		};
/* End PBXProject section */

/* Begin PBXResourcesBuildPhase section */
		4382F6CD25DEA68B004C4159 /* Resources */ = {
			isa = PBXResourcesBuildPhase;
			buildActionMask = 2147483647;
			files = (
				4382F6DA25DEA68C004C4159 /* Preview Assets.xcassets in Resources */,
				4382F6D725DEA68C004C4159 /* Assets.xcassets in Resources */,
			);
			runOnlyForDeploymentPostprocessing = 0;
		};
/* End PBXResourcesBuildPhase section */

/* Begin PBXSourcesBuildPhase section */
		4382F6CB25DEA68B004C4159 /* Sources */ = {
			isa = PBXSourcesBuildPhase;
			buildActionMask = 2147483647;
			files = (
				43F2003025E140A100CB5B6B /* FruitData.swift in Sources */,
				439C9C6C25E689E200547299 /* SourceLinkView.swift in Sources */,
				4382F6E725DEB23E004C4159 /* FruitCardView.swift in Sources */,
				43F2003325E1542B00CB5B6B /* FruitRowView.swift in Sources */,
				43AE711425E9248400591152 /* FruitNutrientsView.swift in Sources */,
				4382F6EA25DEC0EF004C4159 /* StartButtonView.swift in Sources */,
				436C310A25E506A5006BDBE1 /* FruitDetailView.swift in Sources */,
				4382F6D525DEA68B004C4159 /* ContentView.swift in Sources */,
				439C9C6925E67F7400547299 /* FruitHeaderView.swift in Sources */,
				4382F6ED25DECA74004C4159 /* OnboardingView.swift in Sources */,
				4300AC9325F3B8F8008E3977 /* SettingsLabelView.swift in Sources */,
				43F2002C25E13E7A00CB5B6B /* FruitModel.swift in Sources */,
				4382F6D325DEA68B004C4159 /* FructusApp.swift in Sources */,
				43199D4D25EBB91B00DFF659 /* SettingsView.swift in Sources */,
			);
			runOnlyForDeploymentPostprocessing = 0;
		};
/* End PBXSourcesBuildPhase section */

/* Begin XCBuildConfiguration section */
		4382F6DC25DEA68C004C4159 /* Debug */ = {
			isa = XCBuildConfiguration;
			buildSettings = {
				ALWAYS_SEARCH_USER_PATHS = NO;
				CLANG_ANALYZER_NONNULL = YES;
				CLANG_ANALYZER_NUMBER_OBJECT_CONVERSION = YES_AGGRESSIVE;
				CLANG_CXX_LANGUAGE_STANDARD = "gnu++14";
				CLANG_CXX_LIBRARY = "libc++";
				CLANG_ENABLE_MODULES = YES;
				CLANG_ENABLE_OBJC_ARC = YES;
				CLANG_ENABLE_OBJC_WEAK = YES;
				CLANG_WARN_BLOCK_CAPTURE_AUTORELEASING = YES;
				CLANG_WARN_BOOL_CONVERSION = YES;
				CLANG_WARN_COMMA = YES;
				CLANG_WARN_CONSTANT_CONVERSION = YES;
				CLANG_WARN_DEPRECATED_OBJC_IMPLEMENTATIONS = YES;
				CLANG_WARN_DIRECT_OBJC_ISA_USAGE = YES_ERROR;
				CLANG_WARN_DOCUMENTATION_COMMENTS = YES;
				CLANG_WARN_EMPTY_BODY = YES;
				CLANG_WARN_ENUM_CONVERSION = YES;
				CLANG_WARN_INFINITE_RECURSION = YES;
				CLANG_WARN_INT_CONVERSION = YES;
				CLANG_WARN_NON_LITERAL_NULL_CONVERSION = YES;
				CLANG_WARN_OBJC_IMPLICIT_RETAIN_SELF = YES;
				CLANG_WARN_OBJC_LITERAL_CONVERSION = YES;
				CLANG_WARN_OBJC_ROOT_CLASS = YES_ERROR;
				CLANG_WARN_QUOTED_INCLUDE_IN_FRAMEWORK_HEADER = YES;
				CLANG_WARN_RANGE_LOOP_ANALYSIS = YES;
				CLANG_WARN_STRICT_PROTOTYPES = YES;
				CLANG_WARN_SUSPICIOUS_MOVE = YES;
				CLANG_WARN_UNGUARDED_AVAILABILITY = YES_AGGRESSIVE;
				CLANG_WARN_UNREACHABLE_CODE = YES;
				CLANG_WARN__DUPLICATE_METHOD_MATCH = YES;
				COPY_PHASE_STRIP = NO;
				DEBUG_INFORMATION_FORMAT = dwarf;
				ENABLE_STRICT_OBJC_MSGSEND = YES;
				ENABLE_TESTABILITY = YES;
				GCC_C_LANGUAGE_STANDARD = gnu11;
				GCC_DYNAMIC_NO_PIC = NO;
				GCC_NO_COMMON_BLOCKS = YES;
				GCC_OPTIMIZATION_LEVEL = 0;
				GCC_PREPROCESSOR_DEFINITIONS = (
					"DEBUG=1",
					"$(inherited)",
				);
				GCC_WARN_64_TO_32_BIT_CONVERSION = YES;
				GCC_WARN_ABOUT_RETURN_TYPE = YES_ERROR;
				GCC_WARN_UNDECLARED_SELECTOR = YES;
				GCC_WARN_UNINITIALIZED_AUTOS = YES_AGGRESSIVE;
				GCC_WARN_UNUSED_FUNCTION = YES;
				GCC_WARN_UNUSED_VARIABLE = YES;
				IPHONEOS_DEPLOYMENT_TARGET = 14.4;
				MTL_ENABLE_DEBUG_INFO = INCLUDE_SOURCE;
				MTL_FAST_MATH = YES;
				ONLY_ACTIVE_ARCH = YES;
				SDKROOT = iphoneos;
				SWIFT_ACTIVE_COMPILATION_CONDITIONS = DEBUG;
				SWIFT_OPTIMIZATION_LEVEL = "-Onone";
			};
			name = Debug;
		};
		4382F6DD25DEA68C004C4159 /* Release */ = {
			isa = XCBuildConfiguration;
			buildSettings = {
				ALWAYS_SEARCH_USER_PATHS = NO;
				CLANG_ANALYZER_NONNULL = YES;
				CLANG_ANALYZER_NUMBER_OBJECT_CONVERSION = YES_AGGRESSIVE;
				CLANG_CXX_LANGUAGE_STANDARD = "gnu++14";
				CLANG_CXX_LIBRARY = "libc++";
				CLANG_ENABLE_MODULES = YES;
				CLANG_ENABLE_OBJC_ARC = YES;
				CLANG_ENABLE_OBJC_WEAK = YES;
				CLANG_WARN_BLOCK_CAPTURE_AUTORELEASING = YES;
				CLANG_WARN_BOOL_CONVERSION = YES;
				CLANG_WARN_COMMA = YES;
				CLANG_WARN_CONSTANT_CONVERSION = YES;
				CLANG_WARN_DEPRECATED_OBJC_IMPLEMENTATIONS = YES;
				CLANG_WARN_DIRECT_OBJC_ISA_USAGE = YES_ERROR;
				CLANG_WARN_DOCUMENTATION_COMMENTS = YES;
				CLANG_WARN_EMPTY_BODY = YES;
				CLANG_WARN_ENUM_CONVERSION = YES;
				CLANG_WARN_INFINITE_RECURSION = YES;
				CLANG_WARN_INT_CONVERSION = YES;
				CLANG_WARN_NON_LITERAL_NULL_CONVERSION = YES;
				CLANG_WARN_OBJC_IMPLICIT_RETAIN_SELF = YES;
				CLANG_WARN_OBJC_LITERAL_CONVERSION = YES;
				CLANG_WARN_OBJC_ROOT_CLASS = YES_ERROR;
				CLANG_WARN_QUOTED_INCLUDE_IN_FRAMEWORK_HEADER = YES;
				CLANG_WARN_RANGE_LOOP_ANALYSIS = YES;
				CLANG_WARN_STRICT_PROTOTYPES = YES;
				CLANG_WARN_SUSPICIOUS_MOVE = YES;
				CLANG_WARN_UNGUARDED_AVAILABILITY = YES_AGGRESSIVE;
				CLANG_WARN_UNREACHABLE_CODE = YES;
				CLANG_WARN__DUPLICATE_METHOD_MATCH = YES;
				COPY_PHASE_STRIP = NO;
				DEBUG_INFORMATION_FORMAT = "dwarf-with-dsym";
				ENABLE_NS_ASSERTIONS = NO;
				ENABLE_STRICT_OBJC_MSGSEND = YES;
				GCC_C_LANGUAGE_STANDARD = gnu11;
				GCC_NO_COMMON_BLOCKS = YES;
				GCC_WARN_64_TO_32_BIT_CONVERSION = YES;
				GCC_WARN_ABOUT_RETURN_TYPE = YES_ERROR;
				GCC_WARN_UNDECLARED_SELECTOR = YES;
				GCC_WARN_UNINITIALIZED_AUTOS = YES_AGGRESSIVE;
				GCC_WARN_UNUSED_FUNCTION = YES;
				GCC_WARN_UNUSED_VARIABLE = YES;
				IPHONEOS_DEPLOYMENT_TARGET = 14.4;
				MTL_ENABLE_DEBUG_INFO = NO;
				MTL_FAST_MATH = YES;
				SDKROOT = iphoneos;
				SWIFT_COMPILATION_MODE = wholemodule;
				SWIFT_OPTIMIZATION_LEVEL = "-O";
				VALIDATE_PRODUCT = YES;
			};
			name = Release;
		};
		4382F6DF25DEA68C004C4159 /* Debug */ = {
			isa = XCBuildConfiguration;
			buildSettings = {
				ASSETCATALOG_COMPILER_APPICON_NAME = AppIcon;
				ASSETCATALOG_COMPILER_GLOBAL_ACCENT_COLOR_NAME = AccentColor;
				CODE_SIGN_STYLE = Automatic;
				DEVELOPMENT_ASSET_PATHS = "\"Fructus/Preview Content\"";
				DEVELOPMENT_TEAM = YN96J64GT3;
				ENABLE_PREVIEWS = YES;
				INFOPLIST_FILE = Fructus/Info.plist;
				IPHONEOS_DEPLOYMENT_TARGET = 14.0;
				LD_RUNPATH_SEARCH_PATHS = (
					"$(inherited)",
					"@executable_path/Frameworks",
				);
				PRODUCT_BUNDLE_IDENTIFIER = ru.example.Fructus;
				PRODUCT_NAME = "$(TARGET_NAME)";
				SWIFT_VERSION = 5.0;
				TARGETED_DEVICE_FAMILY = "1,2";
			};
			name = Debug;
		};
		4382F6E025DEA68C004C4159 /* Release */ = {
			isa = XCBuildConfiguration;
			buildSettings = {
				ASSETCATALOG_COMPILER_APPICON_NAME = AppIcon;
				ASSETCATALOG_COMPILER_GLOBAL_ACCENT_COLOR_NAME = AccentColor;
				CODE_SIGN_STYLE = Automatic;
				DEVELOPMENT_ASSET_PATHS = "\"Fructus/Preview Content\"";
				DEVELOPMENT_TEAM = YN96J64GT3;
				ENABLE_PREVIEWS = YES;
				INFOPLIST_FILE = Fructus/Info.plist;
				IPHONEOS_DEPLOYMENT_TARGET = 14.0;
				LD_RUNPATH_SEARCH_PATHS = (
					"$(inherited)",
					"@executable_path/Frameworks",
				);
				PRODUCT_BUNDLE_IDENTIFIER = ru.example.Fructus;
				PRODUCT_NAME = "$(TARGET_NAME)";
				SWIFT_VERSION = 5.0;
				TARGETED_DEVICE_FAMILY = "1,2";
			};
			name = Release;
		};
/* End XCBuildConfiguration section */

/* Begin XCConfigurationList section */
		4382F6CA25DEA68B004C4159 /* Build configuration list for PBXProject "Fructus" */ = {
			isa = XCConfigurationList;
			buildConfigurations = (
				4382F6DC25DEA68C004C4159 /* Debug */,
				4382F6DD25DEA68C004C4159 /* Release */,
			);
			defaultConfigurationIsVisible = 0;
			defaultConfigurationName = Release;
		};
		4382F6DE25DEA68C004C4159 /* Build configuration list for PBXNativeTarget "Fructus" */ = {
			isa = XCConfigurationList;
			buildConfigurations = (
				4382F6DF25DEA68C004C4159 /* Debug */,
				4382F6E025DEA68C004C4159 /* Release */,
			);
			defaultConfigurationIsVisible = 0;
			defaultConfigurationName = Release;
		};
/* End XCConfigurationList section */
	};
	rootObject = 4382F6C725DEA68B004C4159 /* Project object */;
}
